PODS:
  - SDWebImage (5.4.0):
    - SDWebImage/Core (= 5.4.0)
  - SDWebImage/Core (5.4.0)

DEPENDENCIES:
  - SDWebImage

SPEC REPOS:
  trunk:
    - SDWebImage

SPEC CHECKSUMS:
  SDWebImage: 5bf6aec6481ae2a062bdc59f9d6c1d1e552090e0

PODFILE CHECKSUM: 76a4dfeac380477a7cc8668f411ae94961a26503

COCOAPODS: 1.8.4
